
Microsoft Visual Studio Solution File, Format Version 12.00
# Visual Studio Version 17
VisualStudioVersion = 17.0.31903.59
MinimumVisualStudioVersion = 10.0.40219.1
Project("{FAE04EC0-301F-11D3-BF4B-00C04F79EFBC}") = "Backlang.Sdk", "Backlang.Build.Tasks\Backlang.Sdk.csproj", "{1E995EBC-5334-47BC-96DA-DB5DE279A21A}"
EndProject
Project("{FAE04EC0-301F-11D3-BF4B-00C04F79EFBC}") = "BacklangC", "BacklangC\BacklangC.csproj", "{894B5A3D-2408-4CA0-A7FA-6D795DB1EE35}"
EndProject
Project("{FAE04EC0-301F-11D3-BF4B-00C04F79EFBC}") = "Backlang.CodeAnalysis", "Backlang.CodeAnalysis\Backlang.CodeAnalysis.csproj", "{49EAB195-353E-4F75-B0C0-EC8E84665BA3}"
EndProject
Project("{FAE04EC0-301F-11D3-BF4B-00C04F79EFBC}") = "Backlang.Runtime", "Backlang.Runtime\Backlang.Runtime.csproj", "{9DA0B4F1-029B-4481-A28F-4205159BD39B}"
EndProject
Global
	GlobalSection(SolutionConfigurationPlatforms) = preSolution
		Debug|Any CPU = Debug|Any CPU
		Release|Any CPU = Release|Any CPU
	EndGlobalSection
	GlobalSection(SolutionProperties) = preSolution
		HideSolutionNode = FALSE
	EndGlobalSection
	GlobalSection(ProjectConfigurationPlatforms) = postSolution
		{1E995EBC-5334-47BC-96DA-DB5DE279A21A}.Debug|Any CPU.ActiveCfg = Debug|Any CPU
		{1E995EBC-5334-47BC-96DA-DB5DE279A21A}.Debug|Any CPU.Build.0 = Debug|Any CPU
		{1E995EBC-5334-47BC-96DA-DB5DE279A21A}.Release|Any CPU.ActiveCfg = Release|Any CPU
		{1E995EBC-5334-47BC-96DA-DB5DE279A21A}.Release|Any CPU.Build.0 = Release|Any CPU
		{894B5A3D-2408-4CA0-A7FA-6D795DB1EE35}.Debug|Any CPU.ActiveCfg = Debug|Any CPU
		{894B5A3D-2408-4CA0-A7FA-6D795DB1EE35}.Debug|Any CPU.Build.0 = Debug|Any CPU
		{894B5A3D-2408-4CA0-A7FA-6D795DB1EE35}.Release|Any CPU.ActiveCfg = Release|Any CPU
		{894B5A3D-2408-4CA0-A7FA-6D795DB1EE35}.Release|Any CPU.Build.0 = Release|Any CPU
		{49EAB195-353E-4F75-B0C0-EC8E84665BA3}.Debug|Any CPU.ActiveCfg = Debug|Any CPU
		{49EAB195-353E-4F75-B0C0-EC8E84665BA3}.Debug|Any CPU.Build.0 = Debug|Any CPU
		{49EAB195-353E-4F75-B0C0-EC8E84665BA3}.Release|Any CPU.ActiveCfg = Release|Any CPU
		{49EAB195-353E-4F75-B0C0-EC8E84665BA3}.Release|Any CPU.Build.0 = Release|Any CPU
		{9DA0B4F1-029B-4481-A28F-4205159BD39B}.Debug|Any CPU.ActiveCfg = Debug|Any CPU
		{9DA0B4F1-029B-4481-A28F-4205159BD39B}.Debug|Any CPU.Build.0 = Debug|Any CPU
		{9DA0B4F1-029B-4481-A28F-4205159BD39B}.Release|Any CPU.ActiveCfg = Release|Any CPU
		{9DA0B4F1-029B-4481-A28F-4205159BD39B}.Release|Any CPU.Build.0 = Release|Any CPU
	EndGlobalSection
	GlobalSection(NestedProjects) = preSolution
	EndGlobalSection
EndGlobal
