
Microsoft Visual Studio Solution File, Format Version 12.00
# Visual Studio Version 17
VisualStudioVersion = 17.1.32210.238
MinimumVisualStudioVersion = 10.0.40219.1
Project("{FAE04EC0-301F-11D3-BF4B-00C04F79EFBC}") = "Backlang-Compiler", "Backlang-Compiler\Backlang-Compiler.csproj", "{015E1D67-45C6-4DC6-B192-37A57841DC1A}"
EndProject
Global
	GlobalSection(SolutionConfigurationPlatforms) = preSolution
		Debug|Any CPU = Debug|Any CPU
		Release|Any CPU = Release|Any CPU
	EndGlobalSection
	GlobalSection(ProjectConfigurationPlatforms) = postSolution
		{015E1D67-45C6-4DC6-B192-37A57841DC1A}.Debug|Any CPU.ActiveCfg = Debug|Any CPU
		{015E1D67-45C6-4DC6-B192-37A57841DC1A}.Debug|Any CPU.Build.0 = Debug|Any CPU
		{015E1D67-45C6-4DC6-B192-37A57841DC1A}.Release|Any CPU.ActiveCfg = Release|Any CPU
		{015E1D67-45C6-4DC6-B192-37A57841DC1A}.Release|Any CPU.Build.0 = Release|Any CPU
	EndGlobalSection
	GlobalSection(SolutionProperties) = preSolution
		HideSolutionNode = FALSE
	EndGlobalSection
	GlobalSection(ExtensibilityGlobals) = postSolution
		SolutionGuid = {8A095BE3-6661-4714-AC90-52CCFC17F1C3}
	EndGlobalSection
EndGlobal
