
Microsoft Visual Studio Solution File, Format Version 12.00
# Visual Studio Version 17
VisualStudioVersion = 17.1.32210.238
MinimumVisualStudioVersion = 10.0.40219.1
Project("{9A19103F-16F7-4668-BE54-9A1E7A4F7556}") = "Backlang-Compiler", "Backlang-Compiler\Backlang-Compiler.csproj", "{015E1D67-45C6-4DC6-B192-37A57841DC1A}"
EndProject
Project("{9A19103F-16F7-4668-BE54-9A1E7A4F7556}") = "TestProject1", "TestProject1\TestProject1.csproj", "{F3E86ADD-4958-43B3-88FD-9409E41ED17B}"
EndProject
Project("{2150E333-8FDC-42A3-9474-1A3956D46DE8}") = "Solution Items", "Solution Items", "{655A3CAC-BA3F-4B7F-AC54-4E8983F1FE0D}"
	ProjectSection(SolutionItems) = preProject
		.editorconfig = .editorconfig
		StreamPlan.txt = StreamPlan.txt
	EndProjectSection
EndProject
Project("{9A19103F-16F7-4668-BE54-9A1E7A4F7556}") = "Backlang.Codeanalysis", "Backlang.Codeanalysis\Backlang.Codeanalysis.csproj", "{E5FB8B0B-26ED-4088-9CA4-B72F1FD7A9E3}"
EndProject
Project("{9A19103F-16F7-4668-BE54-9A1E7A4F7556}") = "Backlang.Driver", "Backlang.Driver\Backlang.Driver.csproj", "{FFDB5BD1-0C40-4F0C-A0B2-730D1FC0D24F}"
EndProject
Project("{9A19103F-16F7-4668-BE54-9A1E7A4F7556}") = "Backlang.NET.Sdk", "Backlang.NET.Sdk\Backlang.NET.Sdk.csproj", "{38D916F5-AA06-41C6-8CF0-640BF3B5820C}"
EndProject
Project("{9A19103F-16F7-4668-BE54-9A1E7A4F7556}") = "Backlang.Core", "Backlang.Core\Backlang.Core.csproj", "{943C4032-AB54-477D-B11D-D2D4B1D80BB4}"
EndProject
Global
	GlobalSection(SolutionConfigurationPlatforms) = preSolution
		Debug|Any CPU = Debug|Any CPU
		Release|Any CPU = Release|Any CPU
	EndGlobalSection
	GlobalSection(ProjectConfigurationPlatforms) = postSolution
		{015E1D67-45C6-4DC6-B192-37A57841DC1A}.Debug|Any CPU.ActiveCfg = Debug|Any CPU
		{015E1D67-45C6-4DC6-B192-37A57841DC1A}.Debug|Any CPU.Build.0 = Debug|Any CPU
		{015E1D67-45C6-4DC6-B192-37A57841DC1A}.Release|Any CPU.ActiveCfg = Release|Any CPU
		{015E1D67-45C6-4DC6-B192-37A57841DC1A}.Release|Any CPU.Build.0 = Release|Any CPU
		{F3E86ADD-4958-43B3-88FD-9409E41ED17B}.Debug|Any CPU.ActiveCfg = Debug|Any CPU
		{F3E86ADD-4958-43B3-88FD-9409E41ED17B}.Debug|Any CPU.Build.0 = Debug|Any CPU
		{F3E86ADD-4958-43B3-88FD-9409E41ED17B}.Release|Any CPU.ActiveCfg = Release|Any CPU
		{F3E86ADD-4958-43B3-88FD-9409E41ED17B}.Release|Any CPU.Build.0 = Release|Any CPU
		{E5FB8B0B-26ED-4088-9CA4-B72F1FD7A9E3}.Debug|Any CPU.ActiveCfg = Debug|Any CPU
		{E5FB8B0B-26ED-4088-9CA4-B72F1FD7A9E3}.Debug|Any CPU.Build.0 = Debug|Any CPU
		{E5FB8B0B-26ED-4088-9CA4-B72F1FD7A9E3}.Release|Any CPU.ActiveCfg = Release|Any CPU
		{E5FB8B0B-26ED-4088-9CA4-B72F1FD7A9E3}.Release|Any CPU.Build.0 = Release|Any CPU
		{FFDB5BD1-0C40-4F0C-A0B2-730D1FC0D24F}.Debug|Any CPU.ActiveCfg = Debug|Any CPU
		{FFDB5BD1-0C40-4F0C-A0B2-730D1FC0D24F}.Debug|Any CPU.Build.0 = Debug|Any CPU
		{FFDB5BD1-0C40-4F0C-A0B2-730D1FC0D24F}.Release|Any CPU.ActiveCfg = Release|Any CPU
		{FFDB5BD1-0C40-4F0C-A0B2-730D1FC0D24F}.Release|Any CPU.Build.0 = Release|Any CPU
		{38D916F5-AA06-41C6-8CF0-640BF3B5820C}.Debug|Any CPU.ActiveCfg = Debug|Any CPU
		{38D916F5-AA06-41C6-8CF0-640BF3B5820C}.Debug|Any CPU.Build.0 = Debug|Any CPU
		{38D916F5-AA06-41C6-8CF0-640BF3B5820C}.Release|Any CPU.ActiveCfg = Release|Any CPU
		{38D916F5-AA06-41C6-8CF0-640BF3B5820C}.Release|Any CPU.Build.0 = Release|Any CPU
		{943C4032-AB54-477D-B11D-D2D4B1D80BB4}.Debug|Any CPU.ActiveCfg = Debug|Any CPU
		{943C4032-AB54-477D-B11D-D2D4B1D80BB4}.Debug|Any CPU.Build.0 = Debug|Any CPU
		{943C4032-AB54-477D-B11D-D2D4B1D80BB4}.Release|Any CPU.ActiveCfg = Release|Any CPU
		{943C4032-AB54-477D-B11D-D2D4B1D80BB4}.Release|Any CPU.Build.0 = Release|Any CPU
	EndGlobalSection
	GlobalSection(SolutionProperties) = preSolution
		HideSolutionNode = FALSE
	EndGlobalSection
	GlobalSection(ExtensibilityGlobals) = postSolution
		SolutionGuid = {8A095BE3-6661-4714-AC90-52CCFC17F1C3}
	EndGlobalSection
EndGlobal
